
Microsoft Visual Studio Solution File, Format Version 12.00
# Visual Studio Version 17
VisualStudioVersion = 17.11.35222.181
MinimumVisualStudioVersion = 10.0.40219.1
Project("{2150E333-8FDC-42A3-9474-1A3956D46DE8}") = "Task0", "Task0", "{2B975D34-ABC2-41D9-882E-73E88188735A}"
EndProject
Project("{9A19103F-16F7-4668-BE54-9A1E7A4F7556}") = "Tyuiu.SaigafarovBI.Sprint0.Task0.V0", "Tyuiu.SaigafarovBI.Sprint0.Task0.V0\Tyuiu.SaigafarovBI.Sprint0.Task0.V0.csproj", "{75648CC8-7C5B-4AD1-AB83-D3505FAB3FE5}"
EndProject
Project("{2150E333-8FDC-42A3-9474-1A3956D46DE8}") = "Task1", "Task1", "{71146BE8-E76C-4F4A-B7DE-1A0ED362E2DA}"
EndProject
Project("{9A19103F-16F7-4668-BE54-9A1E7A4F7556}") = "Tyuiu.SaigafarovBI.Sprint0.Task1.V0", "Tyuiu.SaigafarovBI.Sprint0.Task1.V0\Tyuiu.SaigafarovBI.Sprint0.Task1.V0.csproj", "{DAB07215-C4EA-464E-B6CF-B1D0E466A591}"
EndProject
Project("{2150E333-8FDC-42A3-9474-1A3956D46DE8}") = "Task2", "Task2", "{0FDF5FD9-B2CC-4DF6-AA0D-E5E749D959E4}"
EndProject
Project("{9A19103F-16F7-4668-BE54-9A1E7A4F7556}") = "Tyuiu.SaigafarovBI.Sprint0.Task2.V0", "Tyuiu.SaigafarovBI.Sprint0.Task2.V0\Tyuiu.SaigafarovBI.Sprint0.Task2.V0.csproj", "{7AB3CB72-C8A3-4E9E-BE29-FCF2E9293FA6}"
EndProject
Project("{9A19103F-16F7-4668-BE54-9A1E7A4F7556}") = "Tyuiu.SaigafarovBI.Sprint0.Task2.V0.Lib", "Tyuiu.SaigafarovBI.Sprint0.Task2.V0.Lib\Tyuiu.SaigafarovBI.Sprint0.Task2.V0.Lib.csproj", "{FD07E98E-D463-4B07-8563-5E293EB72002}"
EndProject
Project("{9A19103F-16F7-4668-BE54-9A1E7A4F7556}") = "Tyuiu.SaigafarovBI.Sprint0.Task2.V0.Test", "Tyuiu.SaigafarovBI.Sprint0.Task2.V0.Test\Tyuiu.SaigafarovBI.Sprint0.Task2.V0.Test.csproj", "{AE27F6F6-A58A-4E85-9C20-722C0D0DE37F}"
EndProject
Project("{2150E333-8FDC-42A3-9474-1A3956D46DE8}") = "Task3", "Task3", "{B8F7F734-F219-4557-8A95-C9B86466ADBE}"
EndProject
Project("{FAE04EC0-301F-11D3-BF4B-00C04F79EFBC}") = "Tyuiu.SaigafarovBI.Sprint0.Task3.V0", "Tyuiu.SaigafarovBI.Sprint0.Task3.V0\Tyuiu.SaigafarovBI.Sprint0.Task3.V0.csproj", "{51B4C336-E79F-4D07-9B1A-22C2382703D1}"
EndProject
Project("{FAE04EC0-301F-11D3-BF4B-00C04F79EFBC}") = "Tyuiu.SaigafarovBI.Sprint0.Task3.V0.Lib", "Tyuiu.SaigafarovBI.Sprint0.Task3.V0.Lib\Tyuiu.SaigafarovBI.Sprint0.Task3.V0.Lib.csproj", "{E58B8F0D-4D62-4210-9B94-38A4751A42B1}"
EndProject
Project("{FAE04EC0-301F-11D3-BF4B-00C04F79EFBC}") = "Tyuiu.SaigafarovBI.Sprint0.Task3.V0.Test", "Tyuiu.SaigafarovBI.Sprint0.Task3.V0.Test\Tyuiu.SaigafarovBI.Sprint0.Task3.V0.Test.csproj", "{0ACE9154-E009-48B6-BCEA-315AE1CFDF28}"
EndProject
Project("{2150E333-8FDC-42A3-9474-1A3956D46DE8}") = "Task4", "Task4", "{9C80F454-1F64-4E94-BA96-C154DE1FAC48}"
EndProject
Project("{FAE04EC0-301F-11D3-BF4B-00C04F79EFBC}") = "Tyuiu.SaigafarovBI.Sprint0.Task4.V0", "Tyuiu.SaigafarovBI.Sprint0.Task4.V0\Tyuiu.SaigafarovBI.Sprint0.Task4.V0.csproj", "{25609F91-BD43-44EE-AD4F-3995C6EEFBB6}"
EndProject
Project("{FAE04EC0-301F-11D3-BF4B-00C04F79EFBC}") = "Tyuiu.SaigafarovBI.Sprint0.Task4.V0.Lib", "Tyuiu.SaigafarovBI.Sprint0.Task4.V0.Lib\Tyuiu.SaigafarovBI.Sprint0.Task4.V0.Lib.csproj", "{C2EE339C-100D-4BAA-A0A1-43AFAAECE0D9}"
EndProject
Project("{FAE04EC0-301F-11D3-BF4B-00C04F79EFBC}") = "Tyuiu.SaigafarovBI.Sprint0.Task4.V0.Test", "Tyuiu.SaigafarovBI.Sprint0.Task4.V0.Test\Tyuiu.SaigafarovBI.Sprint0.Task4.V0.Test.csproj", "{D146999F-7764-4C75-B88B-A16804F3A9E4}"
EndProject
Project("{2150E333-8FDC-42A3-9474-1A3956D46DE8}") = "Task5", "Task5", "{A2DABE6B-2448-4794-9981-5B85FD4904D7}"
EndProject
Project("{FAE04EC0-301F-11D3-BF4B-00C04F79EFBC}") = "Tyuiu.SaigafarovBI.Sprint0.Task5.V0", "Tyuiu.SaigafarovBI.Sprint0.Task5.V0\Tyuiu.SaigafarovBI.Sprint0.Task5.V0.csproj", "{0A58B9F8-3BEF-4608-86E2-FE4159A157A5}"
EndProject
Project("{FAE04EC0-301F-11D3-BF4B-00C04F79EFBC}") = "Tyuiu.SaigafarovBI.Sprint0.Task5.V0.Lib", "Tyuiu.SaigafarovBI.Sprint0.Task5.V0.Lib\Tyuiu.SaigafarovBI.Sprint0.Task5.V0.Lib.csproj", "{9671A176-7ACD-4549-A86E-9C8DB05F3198}"
EndProject
Project("{FAE04EC0-301F-11D3-BF4B-00C04F79EFBC}") = "Tyuiu.SaigafarovBI.Sprint0.Task5.V0.Test", "Tyuiu.SaigafarovBI.Sprint0.Task5.V0.Test\Tyuiu.SaigafarovBI.Sprint0.Task5.V0.Test.csproj", "{EA49549B-1744-4711-B221-CA849AE94A94}"
EndProject
Project("{2150E333-8FDC-42A3-9474-1A3956D46DE8}") = "Task6", "Task6", "{6DFAA619-91F9-487C-957B-9ED01B864C21}"
EndProject
Project("{FAE04EC0-301F-11D3-BF4B-00C04F79EFBC}") = "Tyuiu.SaigafarovBI.Sprint0.Task6.V0", "Tyuiu.SaigafarovBI.Sprint0.Task6.V0\Tyuiu.SaigafarovBI.Sprint0.Task6.V0.csproj", "{C76169B4-7782-470A-BAEC-A143931BC0E9}"
EndProject
Project("{FAE04EC0-301F-11D3-BF4B-00C04F79EFBC}") = "Tyuiu.SaigafarovBI.Sprint0.Task6.V0.Lib", "Tyuiu.SaigafarovBI.Sprint0.Task6.V0.Lib\Tyuiu.SaigafarovBI.Sprint0.Task6.V0.Lib.csproj", "{365E69D5-3745-49B5-B3F8-568C774D7216}"
EndProject
Project("{FAE04EC0-301F-11D3-BF4B-00C04F79EFBC}") = "Tyuiu.SaigafarovBI.Sprint0.Task6.V0.Test", "Tyuiu.SaigafarovBI.Sprint0.Task6.V0.Test\Tyuiu.SaigafarovBI.Sprint0.Task6.V0.Test.csproj", "{5460276B-5C84-4B9D-8E80-C6EB2784B0B4}"
EndProject
Project("{2150E333-8FDC-42A3-9474-1A3956D46DE8}") = "Task7", "Task7", "{EF2C21C8-DE64-40C1-AF70-5AE27BCC15E9}"
EndProject
Project("{FAE04EC0-301F-11D3-BF4B-00C04F79EFBC}") = "Tyuiu.SaigafarovBI.Sprint0.Task7.V0", "Tyuiu.SaigafarovBI.Sprint0.Task7.V0\Tyuiu.SaigafarovBI.Sprint0.Task7.V0.csproj", "{AA4E802B-2290-444C-ABE8-4B4840CA9106}"
EndProject
Project("{FAE04EC0-301F-11D3-BF4B-00C04F79EFBC}") = "Tyuiu.SaigafarovBI.Sprint0.Task7.V0.Lib", "Tyuiu.SaigafarovBI.Sprint0.Task7.V0.Lib\Tyuiu.SaigafarovBI.Sprint0.Task7.V0.Lib.csproj", "{0952E300-4399-475B-A66F-4702AFD00B55}"
EndProject
Project("{FAE04EC0-301F-11D3-BF4B-00C04F79EFBC}") = "Tyuiu.SaigafarovBI.Sprint0.Task7.V0.Test", "Tyuiu.SaigafarovBI.Sprint0.Task7.V0.Test\Tyuiu.SaigafarovBI.Sprint0.Task7.V0.Test.csproj", "{40D0EBF5-7CB1-4EF9-8FE9-7A8BC4BF37FA}"
EndProject
Global
	GlobalSection(SolutionConfigurationPlatforms) = preSolution
		Debug|Any CPU = Debug|Any CPU
		Release|Any CPU = Release|Any CPU
	EndGlobalSection
	GlobalSection(ProjectConfigurationPlatforms) = postSolution
		{75648CC8-7C5B-4AD1-AB83-D3505FAB3FE5}.Debug|Any CPU.ActiveCfg = Debug|Any CPU
		{75648CC8-7C5B-4AD1-AB83-D3505FAB3FE5}.Debug|Any CPU.Build.0 = Debug|Any CPU
		{75648CC8-7C5B-4AD1-AB83-D3505FAB3FE5}.Release|Any CPU.ActiveCfg = Release|Any CPU
		{75648CC8-7C5B-4AD1-AB83-D3505FAB3FE5}.Release|Any CPU.Build.0 = Release|Any CPU
		{DAB07215-C4EA-464E-B6CF-B1D0E466A591}.Debug|Any CPU.ActiveCfg = Debug|Any CPU
		{DAB07215-C4EA-464E-B6CF-B1D0E466A591}.Debug|Any CPU.Build.0 = Debug|Any CPU
		{DAB07215-C4EA-464E-B6CF-B1D0E466A591}.Release|Any CPU.ActiveCfg = Release|Any CPU
		{DAB07215-C4EA-464E-B6CF-B1D0E466A591}.Release|Any CPU.Build.0 = Release|Any CPU
		{7AB3CB72-C8A3-4E9E-BE29-FCF2E9293FA6}.Debug|Any CPU.ActiveCfg = Debug|Any CPU
		{7AB3CB72-C8A3-4E9E-BE29-FCF2E9293FA6}.Debug|Any CPU.Build.0 = Debug|Any CPU
		{7AB3CB72-C8A3-4E9E-BE29-FCF2E9293FA6}.Release|Any CPU.ActiveCfg = Release|Any CPU
		{7AB3CB72-C8A3-4E9E-BE29-FCF2E9293FA6}.Release|Any CPU.Build.0 = Release|Any CPU
		{FD07E98E-D463-4B07-8563-5E293EB72002}.Debug|Any CPU.ActiveCfg = Debug|Any CPU
		{FD07E98E-D463-4B07-8563-5E293EB72002}.Debug|Any CPU.Build.0 = Debug|Any CPU
		{FD07E98E-D463-4B07-8563-5E293EB72002}.Release|Any CPU.ActiveCfg = Release|Any CPU
		{FD07E98E-D463-4B07-8563-5E293EB72002}.Release|Any CPU.Build.0 = Release|Any CPU
		{AE27F6F6-A58A-4E85-9C20-722C0D0DE37F}.Debug|Any CPU.ActiveCfg = Debug|Any CPU
		{AE27F6F6-A58A-4E85-9C20-722C0D0DE37F}.Debug|Any CPU.Build.0 = Debug|Any CPU
		{AE27F6F6-A58A-4E85-9C20-722C0D0DE37F}.Release|Any CPU.ActiveCfg = Release|Any CPU
		{AE27F6F6-A58A-4E85-9C20-722C0D0DE37F}.Release|Any CPU.Build.0 = Release|Any CPU
		{51B4C336-E79F-4D07-9B1A-22C2382703D1}.Debug|Any CPU.ActiveCfg = Debug|Any CPU
		{51B4C336-E79F-4D07-9B1A-22C2382703D1}.Debug|Any CPU.Build.0 = Debug|Any CPU
		{51B4C336-E79F-4D07-9B1A-22C2382703D1}.Release|Any CPU.ActiveCfg = Release|Any CPU
		{51B4C336-E79F-4D07-9B1A-22C2382703D1}.Release|Any CPU.Build.0 = Release|Any CPU
		{E58B8F0D-4D62-4210-9B94-38A4751A42B1}.Debug|Any CPU.ActiveCfg = Debug|Any CPU
		{E58B8F0D-4D62-4210-9B94-38A4751A42B1}.Debug|Any CPU.Build.0 = Debug|Any CPU
		{E58B8F0D-4D62-4210-9B94-38A4751A42B1}.Release|Any CPU.ActiveCfg = Release|Any CPU
		{E58B8F0D-4D62-4210-9B94-38A4751A42B1}.Release|Any CPU.Build.0 = Release|Any CPU
		{0ACE9154-E009-48B6-BCEA-315AE1CFDF28}.Debug|Any CPU.ActiveCfg = Debug|Any CPU
		{0ACE9154-E009-48B6-BCEA-315AE1CFDF28}.Debug|Any CPU.Build.0 = Debug|Any CPU
		{0ACE9154-E009-48B6-BCEA-315AE1CFDF28}.Release|Any CPU.ActiveCfg = Release|Any CPU
		{0ACE9154-E009-48B6-BCEA-315AE1CFDF28}.Release|Any CPU.Build.0 = Release|Any CPU
		{25609F91-BD43-44EE-AD4F-3995C6EEFBB6}.Debug|Any CPU.ActiveCfg = Debug|Any CPU
		{25609F91-BD43-44EE-AD4F-3995C6EEFBB6}.Debug|Any CPU.Build.0 = Debug|Any CPU
		{25609F91-BD43-44EE-AD4F-3995C6EEFBB6}.Release|Any CPU.ActiveCfg = Release|Any CPU
		{25609F91-BD43-44EE-AD4F-3995C6EEFBB6}.Release|Any CPU.Build.0 = Release|Any CPU
		{C2EE339C-100D-4BAA-A0A1-43AFAAECE0D9}.Debug|Any CPU.ActiveCfg = Debug|Any CPU
		{C2EE339C-100D-4BAA-A0A1-43AFAAECE0D9}.Debug|Any CPU.Build.0 = Debug|Any CPU
		{C2EE339C-100D-4BAA-A0A1-43AFAAECE0D9}.Release|Any CPU.ActiveCfg = Release|Any CPU
		{C2EE339C-100D-4BAA-A0A1-43AFAAECE0D9}.Release|Any CPU.Build.0 = Release|Any CPU
		{D146999F-7764-4C75-B88B-A16804F3A9E4}.Debug|Any CPU.ActiveCfg = Debug|Any CPU
		{D146999F-7764-4C75-B88B-A16804F3A9E4}.Debug|Any CPU.Build.0 = Debug|Any CPU
		{D146999F-7764-4C75-B88B-A16804F3A9E4}.Release|Any CPU.ActiveCfg = Release|Any CPU
		{D146999F-7764-4C75-B88B-A16804F3A9E4}.Release|Any CPU.Build.0 = Release|Any CPU
		{0A58B9F8-3BEF-4608-86E2-FE4159A157A5}.Debug|Any CPU.ActiveCfg = Debug|Any CPU
		{0A58B9F8-3BEF-4608-86E2-FE4159A157A5}.Debug|Any CPU.Build.0 = Debug|Any CPU
		{0A58B9F8-3BEF-4608-86E2-FE4159A157A5}.Release|Any CPU.ActiveCfg = Release|Any CPU
		{0A58B9F8-3BEF-4608-86E2-FE4159A157A5}.Release|Any CPU.Build.0 = Release|Any CPU
		{9671A176-7ACD-4549-A86E-9C8DB05F3198}.Debug|Any CPU.ActiveCfg = Debug|Any CPU
		{9671A176-7ACD-4549-A86E-9C8DB05F3198}.Debug|Any CPU.Build.0 = Debug|Any CPU
		{9671A176-7ACD-4549-A86E-9C8DB05F3198}.Release|Any CPU.ActiveCfg = Release|Any CPU
		{9671A176-7ACD-4549-A86E-9C8DB05F3198}.Release|Any CPU.Build.0 = Release|Any CPU
		{EA49549B-1744-4711-B221-CA849AE94A94}.Debug|Any CPU.ActiveCfg = Debug|Any CPU
		{EA49549B-1744-4711-B221-CA849AE94A94}.Debug|Any CPU.Build.0 = Debug|Any CPU
		{EA49549B-1744-4711-B221-CA849AE94A94}.Release|Any CPU.ActiveCfg = Release|Any CPU
		{EA49549B-1744-4711-B221-CA849AE94A94}.Release|Any CPU.Build.0 = Release|Any CPU
		{C76169B4-7782-470A-BAEC-A143931BC0E9}.Debug|Any CPU.ActiveCfg = Debug|Any CPU
		{C76169B4-7782-470A-BAEC-A143931BC0E9}.Debug|Any CPU.Build.0 = Debug|Any CPU
		{C76169B4-7782-470A-BAEC-A143931BC0E9}.Release|Any CPU.ActiveCfg = Release|Any CPU
		{C76169B4-7782-470A-BAEC-A143931BC0E9}.Release|Any CPU.Build.0 = Release|Any CPU
		{365E69D5-3745-49B5-B3F8-568C774D7216}.Debug|Any CPU.ActiveCfg = Debug|Any CPU
		{365E69D5-3745-49B5-B3F8-568C774D7216}.Debug|Any CPU.Build.0 = Debug|Any CPU
		{365E69D5-3745-49B5-B3F8-568C774D7216}.Release|Any CPU.ActiveCfg = Release|Any CPU
		{365E69D5-3745-49B5-B3F8-568C774D7216}.Release|Any CPU.Build.0 = Release|Any CPU
		{5460276B-5C84-4B9D-8E80-C6EB2784B0B4}.Debug|Any CPU.ActiveCfg = Debug|Any CPU
		{5460276B-5C84-4B9D-8E80-C6EB2784B0B4}.Debug|Any CPU.Build.0 = Debug|Any CPU
		{5460276B-5C84-4B9D-8E80-C6EB2784B0B4}.Release|Any CPU.ActiveCfg = Release|Any CPU
		{5460276B-5C84-4B9D-8E80-C6EB2784B0B4}.Release|Any CPU.Build.0 = Release|Any CPU
		{AA4E802B-2290-444C-ABE8-4B4840CA9106}.Debug|Any CPU.ActiveCfg = Debug|Any CPU
		{AA4E802B-2290-444C-ABE8-4B4840CA9106}.Debug|Any CPU.Build.0 = Debug|Any CPU
		{AA4E802B-2290-444C-ABE8-4B4840CA9106}.Release|Any CPU.ActiveCfg = Release|Any CPU
		{AA4E802B-2290-444C-ABE8-4B4840CA9106}.Release|Any CPU.Build.0 = Release|Any CPU
		{0952E300-4399-475B-A66F-4702AFD00B55}.Debug|Any CPU.ActiveCfg = Debug|Any CPU
		{0952E300-4399-475B-A66F-4702AFD00B55}.Debug|Any CPU.Build.0 = Debug|Any CPU
		{0952E300-4399-475B-A66F-4702AFD00B55}.Release|Any CPU.ActiveCfg = Release|Any CPU
		{0952E300-4399-475B-A66F-4702AFD00B55}.Release|Any CPU.Build.0 = Release|Any CPU
		{40D0EBF5-7CB1-4EF9-8FE9-7A8BC4BF37FA}.Debug|Any CPU.ActiveCfg = Debug|Any CPU
		{40D0EBF5-7CB1-4EF9-8FE9-7A8BC4BF37FA}.Debug|Any CPU.Build.0 = Debug|Any CPU
		{40D0EBF5-7CB1-4EF9-8FE9-7A8BC4BF37FA}.Release|Any CPU.ActiveCfg = Release|Any CPU
		{40D0EBF5-7CB1-4EF9-8FE9-7A8BC4BF37FA}.Release|Any CPU.Build.0 = Release|Any CPU
	EndGlobalSection
	GlobalSection(SolutionProperties) = preSolution
		HideSolutionNode = FALSE
	EndGlobalSection
	GlobalSection(NestedProjects) = preSolution
		{75648CC8-7C5B-4AD1-AB83-D3505FAB3FE5} = {2B975D34-ABC2-41D9-882E-73E88188735A}
		{DAB07215-C4EA-464E-B6CF-B1D0E466A591} = {71146BE8-E76C-4F4A-B7DE-1A0ED362E2DA}
		{7AB3CB72-C8A3-4E9E-BE29-FCF2E9293FA6} = {0FDF5FD9-B2CC-4DF6-AA0D-E5E749D959E4}
		{FD07E98E-D463-4B07-8563-5E293EB72002} = {0FDF5FD9-B2CC-4DF6-AA0D-E5E749D959E4}
		{AE27F6F6-A58A-4E85-9C20-722C0D0DE37F} = {0FDF5FD9-B2CC-4DF6-AA0D-E5E749D959E4}
		{51B4C336-E79F-4D07-9B1A-22C2382703D1} = {B8F7F734-F219-4557-8A95-C9B86466ADBE}
		{E58B8F0D-4D62-4210-9B94-38A4751A42B1} = {B8F7F734-F219-4557-8A95-C9B86466ADBE}
		{0ACE9154-E009-48B6-BCEA-315AE1CFDF28} = {B8F7F734-F219-4557-8A95-C9B86466ADBE}
		{25609F91-BD43-44EE-AD4F-3995C6EEFBB6} = {9C80F454-1F64-4E94-BA96-C154DE1FAC48}
		{C2EE339C-100D-4BAA-A0A1-43AFAAECE0D9} = {9C80F454-1F64-4E94-BA96-C154DE1FAC48}
		{D146999F-7764-4C75-B88B-A16804F3A9E4} = {9C80F454-1F64-4E94-BA96-C154DE1FAC48}
		{0A58B9F8-3BEF-4608-86E2-FE4159A157A5} = {A2DABE6B-2448-4794-9981-5B85FD4904D7}
		{9671A176-7ACD-4549-A86E-9C8DB05F3198} = {A2DABE6B-2448-4794-9981-5B85FD4904D7}
		{EA49549B-1744-4711-B221-CA849AE94A94} = {A2DABE6B-2448-4794-9981-5B85FD4904D7}
		{C76169B4-7782-470A-BAEC-A143931BC0E9} = {6DFAA619-91F9-487C-957B-9ED01B864C21}
		{365E69D5-3745-49B5-B3F8-568C774D7216} = {6DFAA619-91F9-487C-957B-9ED01B864C21}
		{5460276B-5C84-4B9D-8E80-C6EB2784B0B4} = {6DFAA619-91F9-487C-957B-9ED01B864C21}
		{AA4E802B-2290-444C-ABE8-4B4840CA9106} = {EF2C21C8-DE64-40C1-AF70-5AE27BCC15E9}
		{0952E300-4399-475B-A66F-4702AFD00B55} = {EF2C21C8-DE64-40C1-AF70-5AE27BCC15E9}
		{40D0EBF5-7CB1-4EF9-8FE9-7A8BC4BF37FA} = {EF2C21C8-DE64-40C1-AF70-5AE27BCC15E9}
	EndGlobalSection
	GlobalSection(ExtensibilityGlobals) = postSolution
		SolutionGuid = {90654FD9-32AE-4AD8-AFF3-69F565C0E072}
	EndGlobalSection
EndGlobal
